
Microsoft Visual Studio Solution File, Format Version 12.00
# Visual Studio Version 17
VisualStudioVersion = 17.1.32328.378
MinimumVisualStudioVersion = 10.0.40219.1
Project("{FAE04EC0-301F-11D3-BF4B-00C04F79EFBC}") = "WinFormsAppTasksExaple111", "WinFormsAppTasksExaple111\WinFormsAppTasksExaple111.csproj", "{CBC8E20D-26D8-435B-8009-174C595B15E6}"
EndProject
Global
	GlobalSection(SolutionConfigurationPlatforms) = preSolution
		Debug|Any CPU = Debug|Any CPU
		Release|Any CPU = Release|Any CPU
	EndGlobalSection
	GlobalSection(ProjectConfigurationPlatforms) = postSolution
		{CBC8E20D-26D8-435B-8009-174C595B15E6}.Debug|Any CPU.ActiveCfg = Debug|Any CPU
		{CBC8E20D-26D8-435B-8009-174C595B15E6}.Debug|Any CPU.Build.0 = Debug|Any CPU
		{CBC8E20D-26D8-435B-8009-174C595B15E6}.Release|Any CPU.ActiveCfg = Release|Any CPU
		{CBC8E20D-26D8-435B-8009-174C595B15E6}.Release|Any CPU.Build.0 = Release|Any CPU
	EndGlobalSection
	GlobalSection(SolutionProperties) = preSolution
		HideSolutionNode = FALSE
	EndGlobalSection
	GlobalSection(ExtensibilityGlobals) = postSolution
		SolutionGuid = {A8D3E974-86D3-42D6-971D-3C37B49CF174}
	EndGlobalSection
EndGlobal
